<?xml version="1.0" encoding="utf-8"?>
<Project ToolsVersion="4.0" xmlns="http://schemas.microsoft.com/developer/msbuild/2003">
  <ItemGroup>
    <Filter Include="Header-Files">
      <UniqueIdentifier>{0df445d3-56f5-448c-ad8f-86b6bb73ae3a}</UniqueIdentifier>
    </Filter>
    <Filter Include="Source-Files">
      <UniqueIdentifier>{8c996171-4739-4716-bcd5-b5670bc49d86}</UniqueIdentifier>
    </Filter>
    <Filter Include="Source-Files\ParseStruct">
      <UniqueIdentifier>{c9ec4bbd-c038-4547-87d4-b36e1be189a9}</UniqueIdentifier>
    </Filter>
    <Filter Include="Header-Files\ParseStruct">
      <UniqueIdentifier>{827b406d-9986-4028-b36b-161862eabea3}</UniqueIdentifier>
    </Filter>
    <Filter Include="Source-Files\Message">
      <UniqueIdentifier>{f9dbf609-85b5-44c9-8592-c7ee5ebf8a58}</UniqueIdentifier>
    </Filter>
  </ItemGroup>
  <ItemGroup>
    <ClCompile Include="src\main.cc">
      <Filter>Source-Files</Filter>
    </ClCompile>
    <ClCompile Include="src\CommandLine.cc">
      <Filter>Source-Files</Filter>
    </ClCompile>
    <ClCompile Include="src\CodeGen.cc">
      <Filter>Source-Files</Filter>
    </ClCompile>
    <ClCompile Include="src\Parser.cc">
      <Filter>Source-Files</Filter>
    </ClCompile>
    <ClCompile Include="src\ParseStruct.cc">
      <Filter>Source-Files</Filter>
    </ClCompile>
    <ClCompile Include="src\Lexer.cc">
      <Filter>Source-Files</Filter>
    </ClCompile>
    <ClCompile Include="src\Token.cc">
      <Filter>Source-Files</Filter>
    </ClCompile>
    <ClCompile Include="src\LLVMValue.cc">
      <Filter>Source-Files</Filter>
    </ClCompile>
    <ClCompile Include="src\ParseStruct\Declaration.cc">
      <Filter>Source-Files\ParseStruct</Filter>
    </ClCompile>
    <ClCompile Include="src\ParseStruct\Operation.cc">
      <Filter>Source-Files\ParseStruct</Filter>
    </ClCompile>
    <ClCompile Include="src\ParseStruct\Root.cc">
      <Filter>Source-Files\ParseStruct</Filter>
    </ClCompile>
    <ClCompile Include="src\ParseStruct\Type.cc">
      <Filter>Source-Files\ParseStruct</Filter>
    </ClCompile>
    <ClCompile Include="src\Message\Error.cc">
      <Filter>Source-Files\Message</Filter>
    </ClCompile>
    <ClCompile Include="src\Message\Message.cc">
      <Filter>Source-Files\Message</Filter>
    </ClCompile>
    <ClCompile Include="src\Message\Warning.cc">
      <Filter>Source-Files\Message</Filter>
    </ClCompile>
    <ClCompile Include="src\Any.cc">
      <Filter>Source-Files</Filter>
    </ClCompile>
    <ClCompile Include="src\Encoding.cc">
      <Filter>Source-Files</Filter>
    </ClCompile>
  </ItemGroup>
  <ItemGroup>
    <ClInclude Include="include\Dlink\CodeGen.hh">
      <Filter>Header-Files</Filter>
    </ClInclude>
    <ClInclude Include="include\Dlink\CommandLine.hh">
      <Filter>Header-Files</Filter>
    </ClInclude>
    <ClInclude Include="include\Dlink\Lexer.hh">
      <Filter>Header-Files</Filter>
    </ClInclude>
    <ClInclude Include="include\Dlink\LLVMValue.hh">
      <Filter>Header-Files</Filter>
    </ClInclude>
    <ClInclude Include="include\Dlink\Parser.hh">
      <Filter>Header-Files</Filter>
    </ClInclude>
    <ClInclude Include="include\Dlink\ParseStruct.hh">
      <Filter>Header-Files</Filter>
    </ClInclude>
    <ClInclude Include="include\Dlink\Token.hh">
      <Filter>Header-Files</Filter>
    </ClInclude>
    <ClInclude Include="include\Dlink\ParseStruct\Declaration.hh">
      <Filter>Header-Files\ParseStruct</Filter>
    </ClInclude>
    <ClInclude Include="include\Dlink\ParseStruct\Operation.hh">
      <Filter>Header-Files\ParseStruct</Filter>
    </ClInclude>
    <ClInclude Include="include\Dlink\ParseStruct\Root.hh">
      <Filter>Header-Files\ParseStruct</Filter>
    </ClInclude>
    <ClInclude Include="include\Dlink\ParseStruct\Type.hh">
      <Filter>Header-Files\ParseStruct</Filter>
    </ClInclude>
    <ClInclude Include="include\Dlink\Any.hh">
      <Filter>Header-Files</Filter>
    </ClInclude>
    <ClInclude Include="include\Dlink\Encoder.hh">
      <Filter>Header-Files</Filter>
    </ClInclude>
    <ClInclude Include="include\Dlink\Encoding.hh">
      <Filter>Header-Files</Filter>
    </ClInclude>
  </ItemGroup>
</Project>